
Microsoft Visual Studio Solution File, Format Version 12.00
# Visual Studio Version 16
VisualStudioVersion = 16.0.31729.503
MinimumVisualStudioVersion = 10.0.40219.1
Project("{803FD0C6-D64E-4E16-9DC3-1DAEC859A3D2}") = "TLS13-ENC28J60-server", "TLS13-ENC28J60-server.vgdbproj", "{78B33F2B-5B03-4D34-BAF6-82060DD9FA8F}"
EndProject
Project("{2150E333-8FDC-42A3-9474-1A3956D46DE8}") = "Solution Items", "Solution Items", "{FE591DE5-D88C-466A-8EF7-69028D99B177}"
	ProjectSection(SolutionItems) = preProject
		README.md = README.md
		..\README.md = ..\README.md
	EndProjectSection
EndProject
Global
	GlobalSection(SolutionConfigurationPlatforms) = preSolution
		Debug|VisualGDB = Debug|VisualGDB
		Release|VisualGDB = Release|VisualGDB
		Tests (Debug)|VisualGDB = Tests (Debug)|VisualGDB
		Tests (Release)|VisualGDB = Tests (Release)|VisualGDB
	EndGlobalSection
	GlobalSection(ProjectConfigurationPlatforms) = postSolution
		{78B33F2B-5B03-4D34-BAF6-82060DD9FA8F}.Debug|VisualGDB.ActiveCfg = Debug|VisualGDB
		{78B33F2B-5B03-4D34-BAF6-82060DD9FA8F}.Debug|VisualGDB.Build.0 = Debug|VisualGDB
		{78B33F2B-5B03-4D34-BAF6-82060DD9FA8F}.Release|VisualGDB.ActiveCfg = Release|VisualGDB
		{78B33F2B-5B03-4D34-BAF6-82060DD9FA8F}.Release|VisualGDB.Build.0 = Release|VisualGDB
		{78B33F2B-5B03-4D34-BAF6-82060DD9FA8F}.Tests (Debug)|VisualGDB.ActiveCfg = Tests (Debug)|VisualGDB
		{78B33F2B-5B03-4D34-BAF6-82060DD9FA8F}.Tests (Debug)|VisualGDB.Build.0 = Tests (Debug)|VisualGDB
		{78B33F2B-5B03-4D34-BAF6-82060DD9FA8F}.Tests (Release)|VisualGDB.ActiveCfg = Tests (Release)|VisualGDB
		{78B33F2B-5B03-4D34-BAF6-82060DD9FA8F}.Tests (Release)|VisualGDB.Build.0 = Tests (Release)|VisualGDB
	EndGlobalSection
	GlobalSection(SolutionProperties) = preSolution
		HideSolutionNode = FALSE
	EndGlobalSection
	GlobalSection(ExtensibilityGlobals) = postSolution
		SolutionGuid = {067BB584-B46A-48C1-A13F-5AC2458CE218}
	EndGlobalSection
EndGlobal
